
Microsoft Visual Studio Solution File, Format Version 12.00
# Visual Studio 15
VisualStudioVersion = 15.0.27130.2027
MinimumVisualStudioVersion = 10.0.40219.1
Project("{FAE04EC0-301F-11D3-BF4B-00C04F79EFBC}") = "whHireCar.Wpf", "hireCarWpf\whHireCar.Wpf.csproj", "{59A759A9-5FBA-49AE-B6DF-11DF469E1081}"
EndProject
Project("{9A19103F-16F7-4668-BE54-9A1E7A4F7556}") = "whHireCar.Domain", "whHireCar.Domain\whHireCar.Domain.csproj", "{F39AB196-0751-43F7-96FC-2624F42F184A}"
EndProject
Project("{9A19103F-16F7-4668-BE54-9A1E7A4F7556}") = "whHireCar.Web", "whHireCar.Web\whHireCar.Web.csproj", "{80F49A30-2A49-4EBF-86B1-4B758B97BCA3}"
EndProject
Project("{9A19103F-16F7-4668-BE54-9A1E7A4F7556}") = "whHireCar.Common", "whHireCar.Common\whHireCar.Common.csproj", "{F4D03D93-4891-4731-9B8D-918612100B9B}"
EndProject
Project("{FAE04EC0-301F-11D3-BF4B-00C04F79EFBC}") = "whHireCar.Client", "whHireCar.Client\whHireCar.Client.csproj", "{7605C55D-A656-4A4B-8291-EF278526D300}"
EndProject
Project("{9A19103F-16F7-4668-BE54-9A1E7A4F7556}") = "whHireCar.UnitTests", "whHireCar.UnitTests\whHireCar.UnitTests.csproj", "{78EBC05A-9E2F-47E4-A516-D7A8AE1D5242}"
EndProject
Global
	GlobalSection(SolutionConfigurationPlatforms) = preSolution
		Debug|Any CPU = Debug|Any CPU
		Debug|ARM = Debug|ARM
		Debug|x64 = Debug|x64
		Debug|x86 = Debug|x86
		Release|Any CPU = Release|Any CPU
		Release|ARM = Release|ARM
		Release|x64 = Release|x64
		Release|x86 = Release|x86
	EndGlobalSection
	GlobalSection(ProjectConfigurationPlatforms) = postSolution
		{59A759A9-5FBA-49AE-B6DF-11DF469E1081}.Debug|Any CPU.ActiveCfg = Debug|Any CPU
		{59A759A9-5FBA-49AE-B6DF-11DF469E1081}.Debug|Any CPU.Build.0 = Debug|Any CPU
		{59A759A9-5FBA-49AE-B6DF-11DF469E1081}.Debug|ARM.ActiveCfg = Debug|Any CPU
		{59A759A9-5FBA-49AE-B6DF-11DF469E1081}.Debug|ARM.Build.0 = Debug|Any CPU
		{59A759A9-5FBA-49AE-B6DF-11DF469E1081}.Debug|x64.ActiveCfg = Debug|Any CPU
		{59A759A9-5FBA-49AE-B6DF-11DF469E1081}.Debug|x64.Build.0 = Debug|Any CPU
		{59A759A9-5FBA-49AE-B6DF-11DF469E1081}.Debug|x86.ActiveCfg = Debug|Any CPU
		{59A759A9-5FBA-49AE-B6DF-11DF469E1081}.Debug|x86.Build.0 = Debug|Any CPU
		{59A759A9-5FBA-49AE-B6DF-11DF469E1081}.Release|Any CPU.ActiveCfg = Release|Any CPU
		{59A759A9-5FBA-49AE-B6DF-11DF469E1081}.Release|Any CPU.Build.0 = Release|Any CPU
		{59A759A9-5FBA-49AE-B6DF-11DF469E1081}.Release|ARM.ActiveCfg = Release|Any CPU
		{59A759A9-5FBA-49AE-B6DF-11DF469E1081}.Release|ARM.Build.0 = Release|Any CPU
		{59A759A9-5FBA-49AE-B6DF-11DF469E1081}.Release|x64.ActiveCfg = Release|Any CPU
		{59A759A9-5FBA-49AE-B6DF-11DF469E1081}.Release|x64.Build.0 = Release|Any CPU
		{59A759A9-5FBA-49AE-B6DF-11DF469E1081}.Release|x86.ActiveCfg = Release|Any CPU
		{59A759A9-5FBA-49AE-B6DF-11DF469E1081}.Release|x86.Build.0 = Release|Any CPU
		{F39AB196-0751-43F7-96FC-2624F42F184A}.Debug|Any CPU.ActiveCfg = Debug|Any CPU
		{F39AB196-0751-43F7-96FC-2624F42F184A}.Debug|Any CPU.Build.0 = Debug|Any CPU
		{F39AB196-0751-43F7-96FC-2624F42F184A}.Debug|ARM.ActiveCfg = Debug|Any CPU
		{F39AB196-0751-43F7-96FC-2624F42F184A}.Debug|ARM.Build.0 = Debug|Any CPU
		{F39AB196-0751-43F7-96FC-2624F42F184A}.Debug|x64.ActiveCfg = Debug|Any CPU
		{F39AB196-0751-43F7-96FC-2624F42F184A}.Debug|x64.Build.0 = Debug|Any CPU
		{F39AB196-0751-43F7-96FC-2624F42F184A}.Debug|x86.ActiveCfg = Debug|Any CPU
		{F39AB196-0751-43F7-96FC-2624F42F184A}.Debug|x86.Build.0 = Debug|Any CPU
		{F39AB196-0751-43F7-96FC-2624F42F184A}.Release|Any CPU.ActiveCfg = Release|Any CPU
		{F39AB196-0751-43F7-96FC-2624F42F184A}.Release|Any CPU.Build.0 = Release|Any CPU
		{F39AB196-0751-43F7-96FC-2624F42F184A}.Release|ARM.ActiveCfg = Release|Any CPU
		{F39AB196-0751-43F7-96FC-2624F42F184A}.Release|ARM.Build.0 = Release|Any CPU
		{F39AB196-0751-43F7-96FC-2624F42F184A}.Release|x64.ActiveCfg = Release|Any CPU
		{F39AB196-0751-43F7-96FC-2624F42F184A}.Release|x64.Build.0 = Release|Any CPU
		{F39AB196-0751-43F7-96FC-2624F42F184A}.Release|x86.ActiveCfg = Release|Any CPU
		{F39AB196-0751-43F7-96FC-2624F42F184A}.Release|x86.Build.0 = Release|Any CPU
		{80F49A30-2A49-4EBF-86B1-4B758B97BCA3}.Debug|Any CPU.ActiveCfg = Debug|Any CPU
		{80F49A30-2A49-4EBF-86B1-4B758B97BCA3}.Debug|Any CPU.Build.0 = Debug|Any CPU
		{80F49A30-2A49-4EBF-86B1-4B758B97BCA3}.Debug|ARM.ActiveCfg = Debug|Any CPU
		{80F49A30-2A49-4EBF-86B1-4B758B97BCA3}.Debug|ARM.Build.0 = Debug|Any CPU
		{80F49A30-2A49-4EBF-86B1-4B758B97BCA3}.Debug|x64.ActiveCfg = Debug|Any CPU
		{80F49A30-2A49-4EBF-86B1-4B758B97BCA3}.Debug|x64.Build.0 = Debug|Any CPU
		{80F49A30-2A49-4EBF-86B1-4B758B97BCA3}.Debug|x86.ActiveCfg = Debug|Any CPU
		{80F49A30-2A49-4EBF-86B1-4B758B97BCA3}.Debug|x86.Build.0 = Debug|Any CPU
		{80F49A30-2A49-4EBF-86B1-4B758B97BCA3}.Release|Any CPU.ActiveCfg = Release|Any CPU
		{80F49A30-2A49-4EBF-86B1-4B758B97BCA3}.Release|Any CPU.Build.0 = Release|Any CPU
		{80F49A30-2A49-4EBF-86B1-4B758B97BCA3}.Release|ARM.ActiveCfg = Release|Any CPU
		{80F49A30-2A49-4EBF-86B1-4B758B97BCA3}.Release|ARM.Build.0 = Release|Any CPU
		{80F49A30-2A49-4EBF-86B1-4B758B97BCA3}.Release|x64.ActiveCfg = Release|Any CPU
		{80F49A30-2A49-4EBF-86B1-4B758B97BCA3}.Release|x64.Build.0 = Release|Any CPU
		{80F49A30-2A49-4EBF-86B1-4B758B97BCA3}.Release|x86.ActiveCfg = Release|Any CPU
		{80F49A30-2A49-4EBF-86B1-4B758B97BCA3}.Release|x86.Build.0 = Release|Any CPU
		{F4D03D93-4891-4731-9B8D-918612100B9B}.Debug|Any CPU.ActiveCfg = Debug|Any CPU
		{F4D03D93-4891-4731-9B8D-918612100B9B}.Debug|Any CPU.Build.0 = Debug|Any CPU
		{F4D03D93-4891-4731-9B8D-918612100B9B}.Debug|ARM.ActiveCfg = Debug|Any CPU
		{F4D03D93-4891-4731-9B8D-918612100B9B}.Debug|ARM.Build.0 = Debug|Any CPU
		{F4D03D93-4891-4731-9B8D-918612100B9B}.Debug|x64.ActiveCfg = Debug|Any CPU
		{F4D03D93-4891-4731-9B8D-918612100B9B}.Debug|x64.Build.0 = Debug|Any CPU
		{F4D03D93-4891-4731-9B8D-918612100B9B}.Debug|x86.ActiveCfg = Debug|Any CPU
		{F4D03D93-4891-4731-9B8D-918612100B9B}.Debug|x86.Build.0 = Debug|Any CPU
		{F4D03D93-4891-4731-9B8D-918612100B9B}.Release|Any CPU.ActiveCfg = Release|Any CPU
		{F4D03D93-4891-4731-9B8D-918612100B9B}.Release|Any CPU.Build.0 = Release|Any CPU
		{F4D03D93-4891-4731-9B8D-918612100B9B}.Release|ARM.ActiveCfg = Release|Any CPU
		{F4D03D93-4891-4731-9B8D-918612100B9B}.Release|ARM.Build.0 = Release|Any CPU
		{F4D03D93-4891-4731-9B8D-918612100B9B}.Release|x64.ActiveCfg = Release|Any CPU
		{F4D03D93-4891-4731-9B8D-918612100B9B}.Release|x64.Build.0 = Release|Any CPU
		{F4D03D93-4891-4731-9B8D-918612100B9B}.Release|x86.ActiveCfg = Release|Any CPU
		{F4D03D93-4891-4731-9B8D-918612100B9B}.Release|x86.Build.0 = Release|Any CPU
		{7605C55D-A656-4A4B-8291-EF278526D300}.Debug|Any CPU.ActiveCfg = Debug|x86
		{7605C55D-A656-4A4B-8291-EF278526D300}.Debug|Any CPU.Build.0 = Debug|x86
		{7605C55D-A656-4A4B-8291-EF278526D300}.Debug|Any CPU.Deploy.0 = Debug|x86
		{7605C55D-A656-4A4B-8291-EF278526D300}.Debug|ARM.ActiveCfg = Debug|ARM
		{7605C55D-A656-4A4B-8291-EF278526D300}.Debug|ARM.Build.0 = Debug|ARM
		{7605C55D-A656-4A4B-8291-EF278526D300}.Debug|ARM.Deploy.0 = Debug|ARM
		{7605C55D-A656-4A4B-8291-EF278526D300}.Debug|x64.ActiveCfg = Debug|x64
		{7605C55D-A656-4A4B-8291-EF278526D300}.Debug|x64.Build.0 = Debug|x64
		{7605C55D-A656-4A4B-8291-EF278526D300}.Debug|x64.Deploy.0 = Debug|x64
		{7605C55D-A656-4A4B-8291-EF278526D300}.Debug|x86.ActiveCfg = Debug|x86
		{7605C55D-A656-4A4B-8291-EF278526D300}.Debug|x86.Build.0 = Debug|x86
		{7605C55D-A656-4A4B-8291-EF278526D300}.Debug|x86.Deploy.0 = Debug|x86
		{7605C55D-A656-4A4B-8291-EF278526D300}.Release|Any CPU.ActiveCfg = Release|x86
		{7605C55D-A656-4A4B-8291-EF278526D300}.Release|ARM.ActiveCfg = Release|ARM
		{7605C55D-A656-4A4B-8291-EF278526D300}.Release|ARM.Build.0 = Release|ARM
		{7605C55D-A656-4A4B-8291-EF278526D300}.Release|ARM.Deploy.0 = Release|ARM
		{7605C55D-A656-4A4B-8291-EF278526D300}.Release|x64.ActiveCfg = Release|x64
		{7605C55D-A656-4A4B-8291-EF278526D300}.Release|x64.Build.0 = Release|x64
		{7605C55D-A656-4A4B-8291-EF278526D300}.Release|x64.Deploy.0 = Release|x64
		{7605C55D-A656-4A4B-8291-EF278526D300}.Release|x86.ActiveCfg = Release|x86
		{7605C55D-A656-4A4B-8291-EF278526D300}.Release|x86.Build.0 = Release|x86
		{7605C55D-A656-4A4B-8291-EF278526D300}.Release|x86.Deploy.0 = Release|x86
		{78EBC05A-9E2F-47E4-A516-D7A8AE1D5242}.Debug|Any CPU.ActiveCfg = Debug|Any CPU
		{78EBC05A-9E2F-47E4-A516-D7A8AE1D5242}.Debug|Any CPU.Build.0 = Debug|Any CPU
		{78EBC05A-9E2F-47E4-A516-D7A8AE1D5242}.Debug|ARM.ActiveCfg = Debug|Any CPU
		{78EBC05A-9E2F-47E4-A516-D7A8AE1D5242}.Debug|ARM.Build.0 = Debug|Any CPU
		{78EBC05A-9E2F-47E4-A516-D7A8AE1D5242}.Debug|x64.ActiveCfg = Debug|Any CPU
		{78EBC05A-9E2F-47E4-A516-D7A8AE1D5242}.Debug|x64.Build.0 = Debug|Any CPU
		{78EBC05A-9E2F-47E4-A516-D7A8AE1D5242}.Debug|x86.ActiveCfg = Debug|Any CPU
		{78EBC05A-9E2F-47E4-A516-D7A8AE1D5242}.Debug|x86.Build.0 = Debug|Any CPU
		{78EBC05A-9E2F-47E4-A516-D7A8AE1D5242}.Release|Any CPU.ActiveCfg = Release|Any CPU
		{78EBC05A-9E2F-47E4-A516-D7A8AE1D5242}.Release|Any CPU.Build.0 = Release|Any CPU
		{78EBC05A-9E2F-47E4-A516-D7A8AE1D5242}.Release|ARM.ActiveCfg = Release|Any CPU
		{78EBC05A-9E2F-47E4-A516-D7A8AE1D5242}.Release|ARM.Build.0 = Release|Any CPU
		{78EBC05A-9E2F-47E4-A516-D7A8AE1D5242}.Release|x64.ActiveCfg = Release|Any CPU
		{78EBC05A-9E2F-47E4-A516-D7A8AE1D5242}.Release|x64.Build.0 = Release|Any CPU
		{78EBC05A-9E2F-47E4-A516-D7A8AE1D5242}.Release|x86.ActiveCfg = Release|Any CPU
		{78EBC05A-9E2F-47E4-A516-D7A8AE1D5242}.Release|x86.Build.0 = Release|Any CPU
	EndGlobalSection
	GlobalSection(SolutionProperties) = preSolution
		HideSolutionNode = FALSE
	EndGlobalSection
	GlobalSection(ExtensibilityGlobals) = postSolution
		SolutionGuid = {77297E18-3F45-47AC-8B8D-6937014297AA}
	EndGlobalSection
EndGlobal
